
Microsoft Visual Studio Solution File, Format Version 12.00
# Visual Studio Version 16
VisualStudioVersion = 16.0.31729.503
MinimumVisualStudioVersion = 10.0.40219.1
Project("{9A19103F-16F7-4668-BE54-9A1E7A4F7556}") = "ConsumerApp", "ConsumerApp.csproj", "{C6CA1025-87F6-4329-A2FD-976C91434CE2}"
EndProject
Project("{9A19103F-16F7-4668-BE54-9A1E7A4F7556}") = "DataEntity", "..\..\DataEntity\DataEntity.csproj", "{29B928A6-E4C2-4E6B-87CD-6791096E7948}"
EndProject
Global
	GlobalSection(SolutionConfigurationPlatforms) = preSolution
		Debug|Any CPU = Debug|Any CPU
		Release|Any CPU = Release|Any CPU
	EndGlobalSection
	GlobalSection(ProjectConfigurationPlatforms) = postSolution
		{C6CA1025-87F6-4329-A2FD-976C91434CE2}.Debug|Any CPU.ActiveCfg = Debug|Any CPU
		{C6CA1025-87F6-4329-A2FD-976C91434CE2}.Debug|Any CPU.Build.0 = Debug|Any CPU
		{C6CA1025-87F6-4329-A2FD-976C91434CE2}.Release|Any CPU.ActiveCfg = Release|Any CPU
		{C6CA1025-87F6-4329-A2FD-976C91434CE2}.Release|Any CPU.Build.0 = Release|Any CPU
		{29B928A6-E4C2-4E6B-87CD-6791096E7948}.Debug|Any CPU.ActiveCfg = Debug|Any CPU
		{29B928A6-E4C2-4E6B-87CD-6791096E7948}.Debug|Any CPU.Build.0 = Debug|Any CPU
		{29B928A6-E4C2-4E6B-87CD-6791096E7948}.Release|Any CPU.ActiveCfg = Release|Any CPU
		{29B928A6-E4C2-4E6B-87CD-6791096E7948}.Release|Any CPU.Build.0 = Release|Any CPU
	EndGlobalSection
	GlobalSection(SolutionProperties) = preSolution
		HideSolutionNode = FALSE
	EndGlobalSection
	GlobalSection(ExtensibilityGlobals) = postSolution
		SolutionGuid = {3E99283F-0B95-465C-B5BB-ED8872ABF9B8}
	EndGlobalSection
EndGlobal
